
Microsoft Visual Studio Solution File, Format Version 12.00
# Visual Studio Version 16
VisualStudioVersion = 16.0.29709.97
MinimumVisualStudioVersion = 10.0.40219.1
Project("{FAE04EC0-301F-11D3-BF4B-00C04F79EFBC}") = "Popup.UWP", "Popup.UWP\Popup.UWP.csproj", "{1F97ED6E-68CE-4951-92E6-5CF7F20584B6}"
EndProject
Project("{FAE04EC0-301F-11D3-BF4B-00C04F79EFBC}") = "Popup.Android", "Popup.Android\Popup.Android.csproj", "{F120C093-0BF3-4365-A859-BA6C93F2A787}"
EndProject
Project("{FAE04EC0-301F-11D3-BF4B-00C04F79EFBC}") = "Popup.iOS", "Popup.iOS\Popup.iOS.csproj", "{A17979EC-F84B-4A5F-8F68-1A6D0467C00B}"
EndProject
Project("{FAE04EC0-301F-11D3-BF4B-00C04F79EFBC}") = "Popup", "Popup\Popup.csproj", "{B129838D-7C4A-44D2-86AD-6DC689189C9F}"
EndProject
Global
	GlobalSection(SolutionConfigurationPlatforms) = preSolution
		Debug|Any CPU = Debug|Any CPU
		Debug|ARM = Debug|ARM
		Debug|iPhone = Debug|iPhone
		Debug|iPhoneSimulator = Debug|iPhoneSimulator
		Debug|x64 = Debug|x64
		Debug|x86 = Debug|x86
		Release|Any CPU = Release|Any CPU
		Release|ARM = Release|ARM
		Release|iPhone = Release|iPhone
		Release|iPhoneSimulator = Release|iPhoneSimulator
		Release|x64 = Release|x64
		Release|x86 = Release|x86
	EndGlobalSection
	GlobalSection(ProjectConfigurationPlatforms) = postSolution
		{1F97ED6E-68CE-4951-92E6-5CF7F20584B6}.Debug|Any CPU.ActiveCfg = Debug|x86
		{1F97ED6E-68CE-4951-92E6-5CF7F20584B6}.Debug|Any CPU.Build.0 = Debug|x86
		{1F97ED6E-68CE-4951-92E6-5CF7F20584B6}.Debug|Any CPU.Deploy.0 = Debug|x86
		{1F97ED6E-68CE-4951-92E6-5CF7F20584B6}.Debug|ARM.ActiveCfg = Debug|ARM
		{1F97ED6E-68CE-4951-92E6-5CF7F20584B6}.Debug|ARM.Build.0 = Debug|ARM
		{1F97ED6E-68CE-4951-92E6-5CF7F20584B6}.Debug|ARM.Deploy.0 = Debug|ARM
		{1F97ED6E-68CE-4951-92E6-5CF7F20584B6}.Debug|iPhone.ActiveCfg = Debug|x86
		{1F97ED6E-68CE-4951-92E6-5CF7F20584B6}.Debug|iPhone.Build.0 = Debug|x86
		{1F97ED6E-68CE-4951-92E6-5CF7F20584B6}.Debug|iPhone.Deploy.0 = Debug|x86
		{1F97ED6E-68CE-4951-92E6-5CF7F20584B6}.Debug|iPhoneSimulator.ActiveCfg = Debug|x86
		{1F97ED6E-68CE-4951-92E6-5CF7F20584B6}.Debug|iPhoneSimulator.Build.0 = Debug|x86
		{1F97ED6E-68CE-4951-92E6-5CF7F20584B6}.Debug|iPhoneSimulator.Deploy.0 = Debug|x86
		{1F97ED6E-68CE-4951-92E6-5CF7F20584B6}.Debug|x64.ActiveCfg = Debug|x64
		{1F97ED6E-68CE-4951-92E6-5CF7F20584B6}.Debug|x64.Build.0 = Debug|x64
		{1F97ED6E-68CE-4951-92E6-5CF7F20584B6}.Debug|x64.Deploy.0 = Debug|x64
		{1F97ED6E-68CE-4951-92E6-5CF7F20584B6}.Debug|x86.ActiveCfg = Debug|x86
		{1F97ED6E-68CE-4951-92E6-5CF7F20584B6}.Debug|x86.Build.0 = Debug|x86
		{1F97ED6E-68CE-4951-92E6-5CF7F20584B6}.Debug|x86.Deploy.0 = Debug|x86
		{1F97ED6E-68CE-4951-92E6-5CF7F20584B6}.Release|Any CPU.ActiveCfg = Release|x86
		{1F97ED6E-68CE-4951-92E6-5CF7F20584B6}.Release|Any CPU.Build.0 = Release|x86
		{1F97ED6E-68CE-4951-92E6-5CF7F20584B6}.Release|Any CPU.Deploy.0 = Release|x86
		{1F97ED6E-68CE-4951-92E6-5CF7F20584B6}.Release|ARM.ActiveCfg = Release|ARM
		{1F97ED6E-68CE-4951-92E6-5CF7F20584B6}.Release|ARM.Build.0 = Release|ARM
		{1F97ED6E-68CE-4951-92E6-5CF7F20584B6}.Release|ARM.Deploy.0 = Release|ARM
		{1F97ED6E-68CE-4951-92E6-5CF7F20584B6}.Release|iPhone.ActiveCfg = Release|x86
		{1F97ED6E-68CE-4951-92E6-5CF7F20584B6}.Release|iPhone.Build.0 = Release|x86
		{1F97ED6E-68CE-4951-92E6-5CF7F20584B6}.Release|iPhone.Deploy.0 = Release|x86
		{1F97ED6E-68CE-4951-92E6-5CF7F20584B6}.Release|iPhoneSimulator.ActiveCfg = Release|x86
		{1F97ED6E-68CE-4951-92E6-5CF7F20584B6}.Release|iPhoneSimulator.Build.0 = Release|x86
		{1F97ED6E-68CE-4951-92E6-5CF7F20584B6}.Release|iPhoneSimulator.Deploy.0 = Release|x86
		{1F97ED6E-68CE-4951-92E6-5CF7F20584B6}.Release|x64.ActiveCfg = Release|x64
		{1F97ED6E-68CE-4951-92E6-5CF7F20584B6}.Release|x64.Build.0 = Release|x64
		{1F97ED6E-68CE-4951-92E6-5CF7F20584B6}.Release|x64.Deploy.0 = Release|x64
		{1F97ED6E-68CE-4951-92E6-5CF7F20584B6}.Release|x86.ActiveCfg = Release|x86
		{1F97ED6E-68CE-4951-92E6-5CF7F20584B6}.Release|x86.Build.0 = Release|x86
		{1F97ED6E-68CE-4951-92E6-5CF7F20584B6}.Release|x86.Deploy.0 = Release|x86
		{F120C093-0BF3-4365-A859-BA6C93F2A787}.Debug|Any CPU.ActiveCfg = Debug|Any CPU
		{F120C093-0BF3-4365-A859-BA6C93F2A787}.Debug|Any CPU.Build.0 = Debug|Any CPU
		{F120C093-0BF3-4365-A859-BA6C93F2A787}.Debug|Any CPU.Deploy.0 = Debug|Any CPU
		{F120C093-0BF3-4365-A859-BA6C93F2A787}.Debug|ARM.ActiveCfg = Debug|Any CPU
		{F120C093-0BF3-4365-A859-BA6C93F2A787}.Debug|ARM.Build.0 = Debug|Any CPU
		{F120C093-0BF3-4365-A859-BA6C93F2A787}.Debug|ARM.Deploy.0 = Debug|Any CPU
		{F120C093-0BF3-4365-A859-BA6C93F2A787}.Debug|iPhone.ActiveCfg = Debug|Any CPU
		{F120C093-0BF3-4365-A859-BA6C93F2A787}.Debug|iPhone.Build.0 = Debug|Any CPU
		{F120C093-0BF3-4365-A859-BA6C93F2A787}.Debug|iPhone.Deploy.0 = Debug|Any CPU
		{F120C093-0BF3-4365-A859-BA6C93F2A787}.Debug|iPhoneSimulator.ActiveCfg = Debug|Any CPU
		{F120C093-0BF3-4365-A859-BA6C93F2A787}.Debug|iPhoneSimulator.Build.0 = Debug|Any CPU
		{F120C093-0BF3-4365-A859-BA6C93F2A787}.Debug|iPhoneSimulator.Deploy.0 = Debug|Any CPU
		{F120C093-0BF3-4365-A859-BA6C93F2A787}.Debug|x64.ActiveCfg = Debug|Any CPU
		{F120C093-0BF3-4365-A859-BA6C93F2A787}.Debug|x64.Build.0 = Debug|Any CPU
		{F120C093-0BF3-4365-A859-BA6C93F2A787}.Debug|x64.Deploy.0 = Debug|Any CPU
		{F120C093-0BF3-4365-A859-BA6C93F2A787}.Debug|x86.ActiveCfg = Debug|Any CPU
		{F120C093-0BF3-4365-A859-BA6C93F2A787}.Debug|x86.Build.0 = Debug|Any CPU
		{F120C093-0BF3-4365-A859-BA6C93F2A787}.Debug|x86.Deploy.0 = Debug|Any CPU
		{F120C093-0BF3-4365-A859-BA6C93F2A787}.Release|Any CPU.ActiveCfg = Release|Any CPU
		{F120C093-0BF3-4365-A859-BA6C93F2A787}.Release|Any CPU.Build.0 = Release|Any CPU
		{F120C093-0BF3-4365-A859-BA6C93F2A787}.Release|Any CPU.Deploy.0 = Release|Any CPU
		{F120C093-0BF3-4365-A859-BA6C93F2A787}.Release|ARM.ActiveCfg = Release|Any CPU
		{F120C093-0BF3-4365-A859-BA6C93F2A787}.Release|ARM.Build.0 = Release|Any CPU
		{F120C093-0BF3-4365-A859-BA6C93F2A787}.Release|ARM.Deploy.0 = Release|Any CPU
		{F120C093-0BF3-4365-A859-BA6C93F2A787}.Release|iPhone.ActiveCfg = Release|Any CPU
		{F120C093-0BF3-4365-A859-BA6C93F2A787}.Release|iPhone.Build.0 = Release|Any CPU
		{F120C093-0BF3-4365-A859-BA6C93F2A787}.Release|iPhone.Deploy.0 = Release|Any CPU
		{F120C093-0BF3-4365-A859-BA6C93F2A787}.Release|iPhoneSimulator.ActiveCfg = Release|Any CPU
		{F120C093-0BF3-4365-A859-BA6C93F2A787}.Release|iPhoneSimulator.Build.0 = Release|Any CPU
		{F120C093-0BF3-4365-A859-BA6C93F2A787}.Release|iPhoneSimulator.Deploy.0 = Release|Any CPU
		{F120C093-0BF3-4365-A859-BA6C93F2A787}.Release|x64.ActiveCfg = Release|Any CPU
		{F120C093-0BF3-4365-A859-BA6C93F2A787}.Release|x64.Build.0 = Release|Any CPU
		{F120C093-0BF3-4365-A859-BA6C93F2A787}.Release|x64.Deploy.0 = Release|Any CPU
		{F120C093-0BF3-4365-A859-BA6C93F2A787}.Release|x86.ActiveCfg = Release|Any CPU
		{F120C093-0BF3-4365-A859-BA6C93F2A787}.Release|x86.Build.0 = Release|Any CPU
		{F120C093-0BF3-4365-A859-BA6C93F2A787}.Release|x86.Deploy.0 = Release|Any CPU
		{A17979EC-F84B-4A5F-8F68-1A6D0467C00B}.Debug|Any CPU.ActiveCfg = Debug|iPhone
		{A17979EC-F84B-4A5F-8F68-1A6D0467C00B}.Debug|Any CPU.Build.0 = Debug|iPhone
		{A17979EC-F84B-4A5F-8F68-1A6D0467C00B}.Debug|Any CPU.Deploy.0 = Debug|iPhone
		{A17979EC-F84B-4A5F-8F68-1A6D0467C00B}.Debug|ARM.ActiveCfg = Debug|iPhoneSimulator
		{A17979EC-F84B-4A5F-8F68-1A6D0467C00B}.Debug|ARM.Build.0 = Debug|iPhoneSimulator
		{A17979EC-F84B-4A5F-8F68-1A6D0467C00B}.Debug|ARM.Deploy.0 = Debug|iPhoneSimulator
		{A17979EC-F84B-4A5F-8F68-1A6D0467C00B}.Debug|iPhone.ActiveCfg = Debug|iPhone
		{A17979EC-F84B-4A5F-8F68-1A6D0467C00B}.Debug|iPhone.Build.0 = Debug|iPhone
		{A17979EC-F84B-4A5F-8F68-1A6D0467C00B}.Debug|iPhone.Deploy.0 = Debug|iPhone
		{A17979EC-F84B-4A5F-8F68-1A6D0467C00B}.Debug|iPhoneSimulator.ActiveCfg = Debug|iPhoneSimulator
		{A17979EC-F84B-4A5F-8F68-1A6D0467C00B}.Debug|iPhoneSimulator.Build.0 = Debug|iPhoneSimulator
		{A17979EC-F84B-4A5F-8F68-1A6D0467C00B}.Debug|iPhoneSimulator.Deploy.0 = Debug|iPhoneSimulator
		{A17979EC-F84B-4A5F-8F68-1A6D0467C00B}.Debug|x64.ActiveCfg = Debug|iPhone
		{A17979EC-F84B-4A5F-8F68-1A6D0467C00B}.Debug|x64.Build.0 = Debug|iPhone
		{A17979EC-F84B-4A5F-8F68-1A6D0467C00B}.Debug|x64.Deploy.0 = Debug|iPhone
		{A17979EC-F84B-4A5F-8F68-1A6D0467C00B}.Debug|x86.ActiveCfg = Debug|iPhone
		{A17979EC-F84B-4A5F-8F68-1A6D0467C00B}.Debug|x86.Build.0 = Debug|iPhone
		{A17979EC-F84B-4A5F-8F68-1A6D0467C00B}.Debug|x86.Deploy.0 = Debug|iPhone
		{A17979EC-F84B-4A5F-8F68-1A6D0467C00B}.Release|Any CPU.ActiveCfg = Release|iPhone
		{A17979EC-F84B-4A5F-8F68-1A6D0467C00B}.Release|Any CPU.Build.0 = Release|iPhone
		{A17979EC-F84B-4A5F-8F68-1A6D0467C00B}.Release|Any CPU.Deploy.0 = Release|iPhone
		{A17979EC-F84B-4A5F-8F68-1A6D0467C00B}.Release|ARM.ActiveCfg = Release|iPhone
		{A17979EC-F84B-4A5F-8F68-1A6D0467C00B}.Release|ARM.Build.0 = Release|iPhone
		{A17979EC-F84B-4A5F-8F68-1A6D0467C00B}.Release|ARM.Deploy.0 = Release|iPhone
		{A17979EC-F84B-4A5F-8F68-1A6D0467C00B}.Release|iPhone.ActiveCfg = Release|iPhone
		{A17979EC-F84B-4A5F-8F68-1A6D0467C00B}.Release|iPhone.Build.0 = Release|iPhone
		{A17979EC-F84B-4A5F-8F68-1A6D0467C00B}.Release|iPhone.Deploy.0 = Release|iPhone
		{A17979EC-F84B-4A5F-8F68-1A6D0467C00B}.Release|iPhoneSimulator.ActiveCfg = Release|iPhoneSimulator
		{A17979EC-F84B-4A5F-8F68-1A6D0467C00B}.Release|iPhoneSimulator.Build.0 = Release|iPhoneSimulator
		{A17979EC-F84B-4A5F-8F68-1A6D0467C00B}.Release|iPhoneSimulator.Deploy.0 = Release|iPhoneSimulator
		{A17979EC-F84B-4A5F-8F68-1A6D0467C00B}.Release|x64.ActiveCfg = Release|iPhone
		{A17979EC-F84B-4A5F-8F68-1A6D0467C00B}.Release|x64.Build.0 = Release|iPhone
		{A17979EC-F84B-4A5F-8F68-1A6D0467C00B}.Release|x64.Deploy.0 = Release|iPhone
		{A17979EC-F84B-4A5F-8F68-1A6D0467C00B}.Release|x86.ActiveCfg = Release|iPhone
		{A17979EC-F84B-4A5F-8F68-1A6D0467C00B}.Release|x86.Build.0 = Release|iPhone
		{A17979EC-F84B-4A5F-8F68-1A6D0467C00B}.Release|x86.Deploy.0 = Release|iPhone
		{B129838D-7C4A-44D2-86AD-6DC689189C9F}.Debug|Any CPU.ActiveCfg = Debug|Any CPU
		{B129838D-7C4A-44D2-86AD-6DC689189C9F}.Debug|Any CPU.Build.0 = Debug|Any CPU
		{B129838D-7C4A-44D2-86AD-6DC689189C9F}.Debug|Any CPU.Deploy.0 = Debug|Any CPU
		{B129838D-7C4A-44D2-86AD-6DC689189C9F}.Debug|ARM.ActiveCfg = Debug|Any CPU
		{B129838D-7C4A-44D2-86AD-6DC689189C9F}.Debug|ARM.Build.0 = Debug|Any CPU
		{B129838D-7C4A-44D2-86AD-6DC689189C9F}.Debug|ARM.Deploy.0 = Debug|Any CPU
		{B129838D-7C4A-44D2-86AD-6DC689189C9F}.Debug|iPhone.ActiveCfg = Debug|Any CPU
		{B129838D-7C4A-44D2-86AD-6DC689189C9F}.Debug|iPhone.Build.0 = Debug|Any CPU
		{B129838D-7C4A-44D2-86AD-6DC689189C9F}.Debug|iPhone.Deploy.0 = Debug|Any CPU
		{B129838D-7C4A-44D2-86AD-6DC689189C9F}.Debug|iPhoneSimulator.ActiveCfg = Debug|Any CPU
		{B129838D-7C4A-44D2-86AD-6DC689189C9F}.Debug|iPhoneSimulator.Build.0 = Debug|Any CPU
		{B129838D-7C4A-44D2-86AD-6DC689189C9F}.Debug|iPhoneSimulator.Deploy.0 = Debug|Any CPU
		{B129838D-7C4A-44D2-86AD-6DC689189C9F}.Debug|x64.ActiveCfg = Debug|Any CPU
		{B129838D-7C4A-44D2-86AD-6DC689189C9F}.Debug|x64.Build.0 = Debug|Any CPU
		{B129838D-7C4A-44D2-86AD-6DC689189C9F}.Debug|x64.Deploy.0 = Debug|Any CPU
		{B129838D-7C4A-44D2-86AD-6DC689189C9F}.Debug|x86.ActiveCfg = Debug|Any CPU
		{B129838D-7C4A-44D2-86AD-6DC689189C9F}.Debug|x86.Build.0 = Debug|Any CPU
		{B129838D-7C4A-44D2-86AD-6DC689189C9F}.Debug|x86.Deploy.0 = Debug|Any CPU
		{B129838D-7C4A-44D2-86AD-6DC689189C9F}.Release|Any CPU.ActiveCfg = Release|Any CPU
		{B129838D-7C4A-44D2-86AD-6DC689189C9F}.Release|Any CPU.Build.0 = Release|Any CPU
		{B129838D-7C4A-44D2-86AD-6DC689189C9F}.Release|Any CPU.Deploy.0 = Release|Any CPU
		{B129838D-7C4A-44D2-86AD-6DC689189C9F}.Release|ARM.ActiveCfg = Release|Any CPU
		{B129838D-7C4A-44D2-86AD-6DC689189C9F}.Release|ARM.Build.0 = Release|Any CPU
		{B129838D-7C4A-44D2-86AD-6DC689189C9F}.Release|ARM.Deploy.0 = Release|Any CPU
		{B129838D-7C4A-44D2-86AD-6DC689189C9F}.Release|iPhone.ActiveCfg = Release|Any CPU
		{B129838D-7C4A-44D2-86AD-6DC689189C9F}.Release|iPhone.Build.0 = Release|Any CPU
		{B129838D-7C4A-44D2-86AD-6DC689189C9F}.Release|iPhone.Deploy.0 = Release|Any CPU
		{B129838D-7C4A-44D2-86AD-6DC689189C9F}.Release|iPhoneSimulator.ActiveCfg = Release|Any CPU
		{B129838D-7C4A-44D2-86AD-6DC689189C9F}.Release|iPhoneSimulator.Build.0 = Release|Any CPU
		{B129838D-7C4A-44D2-86AD-6DC689189C9F}.Release|iPhoneSimulator.Deploy.0 = Release|Any CPU
		{B129838D-7C4A-44D2-86AD-6DC689189C9F}.Release|x64.ActiveCfg = Release|Any CPU
		{B129838D-7C4A-44D2-86AD-6DC689189C9F}.Release|x64.Build.0 = Release|Any CPU
		{B129838D-7C4A-44D2-86AD-6DC689189C9F}.Release|x64.Deploy.0 = Release|Any CPU
		{B129838D-7C4A-44D2-86AD-6DC689189C9F}.Release|x86.ActiveCfg = Release|Any CPU
		{B129838D-7C4A-44D2-86AD-6DC689189C9F}.Release|x86.Build.0 = Release|Any CPU
		{B129838D-7C4A-44D2-86AD-6DC689189C9F}.Release|x86.Deploy.0 = Release|Any CPU
	EndGlobalSection
	GlobalSection(SolutionProperties) = preSolution
		HideSolutionNode = FALSE
	EndGlobalSection
	GlobalSection(ExtensibilityGlobals) = postSolution
		SolutionGuid = {A70EC058-4CE1-4216-A8C0-0E7E56100B43}
	EndGlobalSection
EndGlobal
